// !$*UTF8*$!
{
	archiveVersion = 1;
	classes = {
	};
	objectVersion = 48;
	objects = {

/* Begin PBXBuildFile section */
		8DA15C002030BD8100027CBC /* AppDelegate.swift in Sources */ = {isa = PBXBuildFile; fileRef = 8DA15BFF2030BD8100027CBC /* AppDelegate.swift */; };
		8DA15C022030BD8100027CBC /* ViewController.swift in Sources */ = {isa = PBXBuildFile; fileRef = 8DA15C012030BD8100027CBC /* ViewController.swift */; };
		8DA15C052030BD8100027CBC /* Main.storyboard in Resources */ = {isa = PBXBuildFile; fileRef = 8DA15C032030BD8100027CBC /* Main.storyboard */; };
		8DA15C072030BD8100027CBC /* Assets.xcassets in Resources */ = {isa = PBXBuildFile; fileRef = 8DA15C062030BD8100027CBC /* Assets.xcassets */; };
		8DA15C0A2030BD8100027CBC /* LaunchScreen.storyboard in Resources */ = {isa = PBXBuildFile; fileRef = 8DA15C082030BD8100027CBC /* LaunchScreen.storyboard */; };
		8DA15C152030BD8100027CBC /* MiraclePillTests.swift in Sources */ = {isa = PBXBuildFile; fileRef = 8DA15C142030BD8100027CBC /* MiraclePillTests.swift */; };
		8DA15C202030BD8100027CBC /* MiraclePillUITests.swift in Sources */ = {isa = PBXBuildFile; fileRef = 8DA15C1F2030BD8100027CBC /* MiraclePillUITests.swift */; };
/* End PBXBuildFile section */

/* Begin PBXContainerItemProxy section */
		8DA15C112030BD8100027CBC /* PBXContainerItemProxy */ = {
			isa = PBXContainerItemProxy;
			containerPortal = 8DA15BF42030BD8100027CBC /* Project object */;
			proxyType = 1;
			remoteGlobalIDString = 8DA15BFB2030BD8100027CBC;
			remoteInfo = MiraclePill;
		};
		8DA15C1C2030BD8100027CBC /* PBXContainerItemProxy */ = {
			isa = PBXContainerItemProxy;
			containerPortal = 8DA15BF42030BD8100027CBC /* Project object */;
			proxyType = 1;
			remoteGlobalIDString = 8DA15BFB2030BD8100027CBC;
			remoteInfo = MiraclePill;
		};
/* End PBXContainerItemProxy section */

/* Begin PBXFileReference section */
		8DA15BFC2030BD8100027CBC /* MiraclePill.app */ = {isa = PBXFileReference; explicitFileType = wrapper.application; includeInIndex = 0; path = MiraclePill.app; sourceTree = BUILT_PRODUCTS_DIR; };
		8DA15BFF2030BD8100027CBC /* AppDelegate.swift */ = {isa = PBXFileReference; lastKnownFileType = sourcecode.swift; path = AppDelegate.swift; sourceTree = "<group>"; };
		8DA15C012030BD8100027CBC /* ViewController.swift */ = {isa = PBXFileReference; lastKnownFileType = sourcecode.swift; path = ViewController.swift; sourceTree = "<group>"; };
		8DA15C042030BD8100027CBC /* Base */ = {isa = PBXFileReference; lastKnownFileType = file.storyboard; name = Base; path = Base.lproj/Main.storyboard; sourceTree = "<group>"; };
		8DA15C062030BD8100027CBC /* Assets.xcassets */ = {isa = PBXFileReference; lastKnownFileType = folder.assetcatalog; path = Assets.xcassets; sourceTree = "<group>"; };
		8DA15C092030BD8100027CBC /* Base */ = {isa = PBXFileReference; lastKnownFileType = file.storyboard; name = Base; path = Base.lproj/LaunchScreen.storyboard; sourceTree = "<group>"; };
		8DA15C0B2030BD8100027CBC /* Info.plist */ = {isa = PBXFileReference; lastKnownFileType = text.plist.xml; path = Info.plist; sourceTree = "<group>"; };
		8DA15C102030BD8100027CBC /* MiraclePillTests.xctest */ = {isa = PBXFileReference; explicitFileType = wrapper.cfbundle; includeInIndex = 0; path = MiraclePillTests.xctest; sourceTree = BUILT_PRODUCTS_DIR; };
		8DA15C142030BD8100027CBC /* MiraclePillTests.swift */ = {isa = PBXFileReference; lastKnownFileType = sourcecode.swift; path = MiraclePillTests.swift; sourceTree = "<group>"; };
		8DA15C162030BD8100027CBC /* Info.plist */ = {isa = PBXFileReference; lastKnownFileType = text.plist.xml; path = Info.plist; sourceTree = "<group>"; };
		8DA15C1B2030BD8100027CBC /* MiraclePillUITests.xctest */ = {isa = PBXFileReference; explicitFileType = wrapper.cfbundle; includeInIndex = 0; path = MiraclePillUITests.xctest; sourceTree = BUILT_PRODUCTS_DIR; };
		8DA15C1F2030BD8100027CBC /* MiraclePillUITests.swift */ = {isa = PBXFileReference; lastKnownFileType = sourcecode.swift; path = MiraclePillUITests.swift; sourceTree = "<group>"; };
		8DA15C212030BD8100027CBC /* Info.plist */ = {isa = PBXFileReference; lastKnownFileType = text.plist.xml; path = Info.plist; sourceTree = "<group>"; };
/* End PBXFileReference section */

/* Begin PBXFrameworksBuildPhase section */
		8DA15BF92030BD8100027CBC /* Frameworks */ = {
			isa = PBXFrameworksBuildPhase;
			buildActionMask = 2147483647;
			files = (
			);
			runOnlyForDeploymentPostprocessing = 0;
		};
		8DA15C0D2030BD8100027CBC /* Frameworks */ = {
			isa = PBXFrameworksBuildPhase;
			buildActionMask = 2147483647;
			files = (
			);
			runOnlyForDeploymentPostprocessing = 0;
		};
		8DA15C182030BD8100027CBC /* Frameworks */ = {
			isa = PBXFrameworksBuildPhase;
			buildActionMask = 2147483647;
			files = (
			);
			runOnlyForDeploymentPostprocessing = 0;
		};
/* End PBXFrameworksBuildPhase section */

/* Begin PBXGroup section */
		8DA15BF32030BD8100027CBC = {
			isa = PBXGroup;
			children = (
				8DA15BFE2030BD8100027CBC /* MiraclePill */,
				8DA15C132030BD8100027CBC /* MiraclePillTests */,
				8DA15C1E2030BD8100027CBC /* MiraclePillUITests */,
				8DA15BFD2030BD8100027CBC /* Products */,
			);
			sourceTree = "<group>";
		};
		8DA15BFD2030BD8100027CBC /* Products */ = {
			isa = PBXGroup;
			children = (
				8DA15BFC2030BD8100027CBC /* MiraclePill.app */,
				8DA15C102030BD8100027CBC /* MiraclePillTests.xctest */,
				8DA15C1B2030BD8100027CBC /* MiraclePillUITests.xctest */,
			);
			name = Products;
			sourceTree = "<group>";
		};
		8DA15BFE2030BD8100027CBC /* MiraclePill */ = {
			isa = PBXGroup;
			children = (
				8DA15BFF2030BD8100027CBC /* AppDelegate.swift */,
				8DA15C012030BD8100027CBC /* ViewController.swift */,
				8DA15C032030BD8100027CBC /* Main.storyboard */,
				8DA15C062030BD8100027CBC /* Assets.xcassets */,
				8DA15C082030BD8100027CBC /* LaunchScreen.storyboard */,
				8DA15C0B2030BD8100027CBC /* Info.plist */,
			);
			path = MiraclePill;
			sourceTree = "<group>";
		};
		8DA15C132030BD8100027CBC /* MiraclePillTests */ = {
			isa = PBXGroup;
			children = (
				8DA15C142030BD8100027CBC /* MiraclePillTests.swift */,
				8DA15C162030BD8100027CBC /* Info.plist */,
			);
			path = MiraclePillTests;
			sourceTree = "<group>";
		};
		8DA15C1E2030BD8100027CBC /* MiraclePillUITests */ = {
			isa = PBXGroup;
			children = (
				8DA15C1F2030BD8100027CBC /* MiraclePillUITests.swift */,
				8DA15C212030BD8100027CBC /* Info.plist */,
			);
			path = MiraclePillUITests;
			sourceTree = "<group>";
		};
/* End PBXGroup section */

/* Begin PBXNativeTarget section */
		8DA15BFB2030BD8100027CBC /* MiraclePill */ = {
			isa = PBXNativeTarget;
			buildConfigurationList = 8DA15C242030BD8100027CBC /* Build configuration list for PBXNativeTarget "MiraclePill" */;
			buildPhases = (
				8DA15BF82030BD8100027CBC /* Sources */,
				8DA15BF92030BD8100027CBC /* Frameworks */,
				8DA15BFA2030BD8100027CBC /* Resources */,
			);
			buildRules = (
			);
			dependencies = (
			);
			name = MiraclePill;
			productName = MiraclePill;
			productReference = 8DA15BFC2030BD8100027CBC /* MiraclePill.app */;
			productType = "com.apple.product-type.application";
		};
		8DA15C0F2030BD8100027CBC /* MiraclePillTests */ = {
			isa = PBXNativeTarget;
			buildConfigurationList = 8DA15C272030BD8100027CBC /* Build configuration list for PBXNativeTarget "MiraclePillTests" */;
			buildPhases = (
				8DA15C0C2030BD8100027CBC /* Sources */,
				8DA15C0D2030BD8100027CBC /* Frameworks */,
				8DA15C0E2030BD8100027CBC /* Resources */,
			);
			buildRules = (
			);
			dependencies = (
				8DA15C122030BD8100027CBC /* PBXTargetDependency */,
			);
			name = MiraclePillTests;
			productName = MiraclePillTests;
			productReference = 8DA15C102030BD8100027CBC /* MiraclePillTests.xctest */;
			productType = "com.apple.product-type.bundle.unit-test";
		};
		8DA15C1A2030BD8100027CBC /* MiraclePillUITests */ = {
			isa = PBXNativeTarget;
			buildConfigurationList = 8DA15C2A2030BD8100027CBC /* Build configuration list for PBXNativeTarget "MiraclePillUITests" */;
			buildPhases = (
				8DA15C172030BD8100027CBC /* Sources */,
				8DA15C182030BD8100027CBC /* Frameworks */,
				8DA15C192030BD8100027CBC /* Resources */,
			);
			buildRules = (
			);
			dependencies = (
				8DA15C1D2030BD8100027CBC /* PBXTargetDependency */,
			);
			name = MiraclePillUITests;
			productName = MiraclePillUITests;
			productReference = 8DA15C1B2030BD8100027CBC /* MiraclePillUITests.xctest */;
			productType = "com.apple.product-type.bundle.ui-testing";
		};
/* End PBXNativeTarget section */

/* Begin PBXProject section */
		8DA15BF42030BD8100027CBC /* Project object */ = {
			isa = PBXProject;
			attributes = {
				LastSwiftUpdateCheck = 0920;
				LastUpgradeCheck = 0920;
				ORGANIZATIONNAME = "Mirza Rajwan";
				TargetAttributes = {
					8DA15BFB2030BD8100027CBC = {
						CreatedOnToolsVersion = 9.2;
						ProvisioningStyle = Automatic;
					};
					8DA15C0F2030BD8100027CBC = {
						CreatedOnToolsVersion = 9.2;
						ProvisioningStyle = Automatic;
						TestTargetID = 8DA15BFB2030BD8100027CBC;
					};
					8DA15C1A2030BD8100027CBC = {
						CreatedOnToolsVersion = 9.2;
						ProvisioningStyle = Automatic;
						TestTargetID = 8DA15BFB2030BD8100027CBC;
					};
				};
			};
			buildConfigurationList = 8DA15BF72030BD8100027CBC /* Build configuration list for PBXProject "MiraclePill" */;
			compatibilityVersion = "Xcode 8.0";
			developmentRegion = en;
			hasScannedForEncodings = 0;
			knownRegions = (
				en,
				Base,
			);
			mainGroup = 8DA15BF32030BD8100027CBC;
			productRefGroup = 8DA15BFD2030BD8100027CBC /* Products */;
			projectDirPath = "";
			projectRoot = "";
			targets = (
				8DA15BFB2030BD8100027CBC /* MiraclePill */,
				8DA15C0F2030BD8100027CBC /* MiraclePillTests */,
				8DA15C1A2030BD8100027CBC /* MiraclePillUITests */,
			);
		};
/* End PBXProject section */

/* Begin PBXResourcesBuildPhase section */
		8DA15BFA2030BD8100027CBC /* Resources */ = {
			isa = PBXResourcesBuildPhase;
			buildActionMask = 2147483647;
			files = (
				8DA15C0A2030BD8100027CBC /* LaunchScreen.storyboard in Resources */,
				8DA15C072030BD8100027CBC /* Assets.xcassets in Resources */,
				8DA15C052030BD8100027CBC /* Main.storyboard in Resources */,
			);
			runOnlyForDeploymentPostprocessing = 0;
		};
		8DA15C0E2030BD8100027CBC /* Resources */ = {
			isa = PBXResourcesBuildPhase;
			buildActionMask = 2147483647;
			files = (
			);
			runOnlyForDeploymentPostprocessing = 0;
		};
		8DA15C192030BD8100027CBC /* Resources */ = {
			isa = PBXResourcesBuildPhase;
			buildActionMask = 2147483647;
			files = (
			);
			runOnlyForDeploymentPostprocessing = 0;
		};
/* End PBXResourcesBuildPhase section */

/* Begin PBXSourcesBuildPhase section */
		8DA15BF82030BD8100027CBC /* Sources */ = {
			isa = PBXSourcesBuildPhase;
			buildActionMask = 2147483647;
			files = (
				8DA15C022030BD8100027CBC /* ViewController.swift in Sources */,
				8DA15C002030BD8100027CBC /* AppDelegate.swift in Sources */,
			);
			runOnlyForDeploymentPostprocessing = 0;
		};
		8DA15C0C2030BD8100027CBC /* Sources */ = {
			isa = PBXSourcesBuildPhase;
			buildActionMask = 2147483647;
			files = (
				8DA15C152030BD8100027CBC /* MiraclePillTests.swift in Sources */,
			);
			runOnlyForDeploymentPostprocessing = 0;
		};
		8DA15C172030BD8100027CBC /* Sources */ = {
			isa = PBXSourcesBuildPhase;
			buildActionMask = 2147483647;
			files = (
				8DA15C202030BD8100027CBC /* MiraclePillUITests.swift in Sources */,
			);
			runOnlyForDeploymentPostprocessing = 0;
		};
/* End PBXSourcesBuildPhase section */

/* Begin PBXTargetDependency section */
		8DA15C122030BD8100027CBC /* PBXTargetDependency */ = {
			isa = PBXTargetDependency;
			target = 8DA15BFB2030BD8100027CBC /* MiraclePill */;
			targetProxy = 8DA15C112030BD8100027CBC /* PBXContainerItemProxy */;
		};
		8DA15C1D2030BD8100027CBC /* PBXTargetDependency */ = {
			isa = PBXTargetDependency;
			target = 8DA15BFB2030BD8100027CBC /* MiraclePill */;
			targetProxy = 8DA15C1C2030BD8100027CBC /* PBXContainerItemProxy */;
		};
/* End PBXTargetDependency section */

/* Begin PBXVariantGroup section */
		8DA15C032030BD8100027CBC /* Main.storyboard */ = {
			isa = PBXVariantGroup;
			children = (
				8DA15C042030BD8100027CBC /* Base */,
			);
			name = Main.storyboard;
			sourceTree = "<group>";
		};
		8DA15C082030BD8100027CBC /* LaunchScreen.storyboard */ = {
			isa = PBXVariantGroup;
			children = (
				8DA15C092030BD8100027CBC /* Base */,
			);
			name = LaunchScreen.storyboard;
			sourceTree = "<group>";
		};
/* End PBXVariantGroup section */

/* Begin XCBuildConfiguration section */
		8DA15C222030BD8100027CBC /* Debug */ = {
			isa = XCBuildConfiguration;
			buildSettings = {
				ALWAYS_SEARCH_USER_PATHS = NO;
				CLANG_ANALYZER_NONNULL = YES;
				CLANG_ANALYZER_NUMBER_OBJECT_CONVERSION = YES_AGGRESSIVE;
				CLANG_CXX_LANGUAGE_STANDARD = "gnu++14";
				CLANG_CXX_LIBRARY = "libc++";
				CLANG_ENABLE_MODULES = YES;
				CLANG_ENABLE_OBJC_ARC = YES;
				CLANG_WARN_BLOCK_CAPTURE_AUTORELEASING = YES;
				CLANG_WARN_BOOL_CONVERSION = YES;
				CLANG_WARN_COMMA = YES;
				CLANG_WARN_CONSTANT_CONVERSION = YES;
				CLANG_WARN_DIRECT_OBJC_ISA_USAGE = YES_ERROR;
				CLANG_WARN_DOCUMENTATION_COMMENTS = YES;
				CLANG_WARN_EMPTY_BODY = YES;
				CLANG_WARN_ENUM_CONVERSION = YES;
				CLANG_WARN_INFINITE_RECURSION = YES;
				CLANG_WARN_INT_CONVERSION = YES;
				CLANG_WARN_NON_LITERAL_NULL_CONVERSION = YES;
				CLANG_WARN_OBJC_LITERAL_CONVERSION = YES;
				CLANG_WARN_OBJC_ROOT_CLASS = YES_ERROR;
				CLANG_WARN_RANGE_LOOP_ANALYSIS = YES;
				CLANG_WARN_STRICT_PROTOTYPES = YES;
				CLANG_WARN_SUSPICIOUS_MOVE = YES;
				CLANG_WARN_UNGUARDED_AVAILABILITY = YES_AGGRESSIVE;
				CLANG_WARN_UNREACHABLE_CODE = YES;
				CLANG_WARN__DUPLICATE_METHOD_MATCH = YES;
				CODE_SIGN_IDENTITY = "iPhone Developer";
				COPY_PHASE_STRIP = NO;
				DEBUG_INFORMATION_FORMAT = dwarf;
				ENABLE_STRICT_OBJC_MSGSEND = YES;
				ENABLE_TESTABILITY = YES;
				GCC_C_LANGUAGE_STANDARD = gnu11;
				GCC_DYNAMIC_NO_PIC = NO;
				GCC_NO_COMMON_BLOCKS = YES;
				GCC_OPTIMIZATION_LEVEL = 0;
				GCC_PREPROCESSOR_DEFINITIONS = (
					"DEBUG=1",
					"$(inherited)",
				);
				GCC_WARN_64_TO_32_BIT_CONVERSION = YES;
				GCC_WARN_ABOUT_RETURN_TYPE = YES_ERROR;
				GCC_WARN_UNDECLARED_SELECTOR = YES;
				GCC_WARN_UNINITIALIZED_AUTOS = YES_AGGRESSIVE;
				GCC_WARN_UNUSED_FUNCTION = YES;
				GCC_WARN_UNUSED_VARIABLE = YES;
				IPHONEOS_DEPLOYMENT_TARGET = 11.2;
				MTL_ENABLE_DEBUG_INFO = YES;
				ONLY_ACTIVE_ARCH = YES;
				SDKROOT = iphoneos;
				SWIFT_ACTIVE_COMPILATION_CONDITIONS = DEBUG;
				SWIFT_OPTIMIZATION_LEVEL = "-Onone";
			};
			name = Debug;
		};
		8DA15C232030BD8100027CBC /* Release */ = {
			isa = XCBuildConfiguration;
			buildSettings = {
				ALWAYS_SEARCH_USER_PATHS = NO;
				CLANG_ANALYZER_NONNULL = YES;
				CLANG_ANALYZER_NUMBER_OBJECT_CONVERSION = YES_AGGRESSIVE;
				CLANG_CXX_LANGUAGE_STANDARD = "gnu++14";
				CLANG_CXX_LIBRARY = "libc++";
				CLANG_ENABLE_MODULES = YES;
				CLANG_ENABLE_OBJC_ARC = YES;
				CLANG_WARN_BLOCK_CAPTURE_AUTORELEASING = YES;
				CLANG_WARN_BOOL_CONVERSION = YES;
				CLANG_WARN_COMMA = YES;
				CLANG_WARN_CONSTANT_CONVERSION = YES;
				CLANG_WARN_DIRECT_OBJC_ISA_USAGE = YES_ERROR;
				CLANG_WARN_DOCUMENTATION_COMMENTS = YES;
				CLANG_WARN_EMPTY_BODY = YES;
				CLANG_WARN_ENUM_CONVERSION = YES;
				CLANG_WARN_INFINITE_RECURSION = YES;
				CLANG_WARN_INT_CONVERSION = YES;
				CLANG_WARN_NON_LITERAL_NULL_CONVERSION = YES;
				CLANG_WARN_OBJC_LITERAL_CONVERSION = YES;
				CLANG_WARN_OBJC_ROOT_CLASS = YES_ERROR;
				CLANG_WARN_RANGE_LOOP_ANALYSIS = YES;
				CLANG_WARN_STRICT_PROTOTYPES = YES;
				CLANG_WARN_SUSPICIOUS_MOVE = YES;
				CLANG_WARN_UNGUARDED_AVAILABILITY = YES_AGGRESSIVE;
				CLANG_WARN_UNREACHABLE_CODE = YES;
				CLANG_WARN__DUPLICATE_METHOD_MATCH = YES;
				CODE_SIGN_IDENTITY = "iPhone Developer";
				COPY_PHASE_STRIP = NO;
				DEBUG_INFORMATION_FORMAT = "dwarf-with-dsym";
				ENABLE_NS_ASSERTIONS = NO;
				ENABLE_STRICT_OBJC_MSGSEND = YES;
				GCC_C_LANGUAGE_STANDARD = gnu11;
				GCC_NO_COMMON_BLOCKS = YES;
				GCC_WARN_64_TO_32_BIT_CONVERSION = YES;
				GCC_WARN_ABOUT_RETURN_TYPE = YES_ERROR;
				GCC_WARN_UNDECLARED_SELECTOR = YES;
				GCC_WARN_UNINITIALIZED_AUTOS = YES_AGGRESSIVE;
				GCC_WARN_UNUSED_FUNCTION = YES;
				GCC_WARN_UNUSED_VARIABLE = YES;
				IPHONEOS_DEPLOYMENT_TARGET = 11.2;
				MTL_ENABLE_DEBUG_INFO = NO;
				SDKROOT = iphoneos;
				SWIFT_OPTIMIZATION_LEVEL = "-Owholemodule";
				VALIDATE_PRODUCT = YES;
			};
			name = Release;
		};
		8DA15C252030BD8100027CBC /* Debug */ = {
			isa = XCBuildConfiguration;
			buildSettings = {
				ASSETCATALOG_COMPILER_APPICON_NAME = AppIcon;
				CODE_SIGN_STYLE = Automatic;
				DEVELOPMENT_TEAM = 8975L7G5N6;
				INFOPLIST_FILE = MiraclePill/Info.plist;
				LD_RUNPATH_SEARCH_PATHS = "$(inherited) @executable_path/Frameworks";
				PRODUCT_BUNDLE_IDENTIFIER = mirza.MiraclePill;
				PRODUCT_NAME = "$(TARGET_NAME)";
				SWIFT_VERSION = 4.0;
				TARGETED_DEVICE_FAMILY = "1,2";
			};
			name = Debug;
		};
		8DA15C262030BD8100027CBC /* Release */ = {
			isa = XCBuildConfiguration;
			buildSettings = {
				ASSETCATALOG_COMPILER_APPICON_NAME = AppIcon;
				CODE_SIGN_STYLE = Automatic;
				DEVELOPMENT_TEAM = 8975L7G5N6;
				INFOPLIST_FILE = MiraclePill/Info.plist;
				LD_RUNPATH_SEARCH_PATHS = "$(inherited) @executable_path/Frameworks";
				PRODUCT_BUNDLE_IDENTIFIER = mirza.MiraclePill;
				PRODUCT_NAME = "$(TARGET_NAME)";
				SWIFT_VERSION = 4.0;
				TARGETED_DEVICE_FAMILY = "1,2";
			};
			name = Release;
		};
		8DA15C282030BD8100027CBC /* Debug */ = {
			isa = XCBuildConfiguration;
			buildSettings = {
				ALWAYS_EMBED_SWIFT_STANDARD_LIBRARIES = YES;
				BUNDLE_LOADER = "$(TEST_HOST)";
				CODE_SIGN_STYLE = Automatic;
				DEVELOPMENT_TEAM = 8975L7G5N6;
				INFOPLIST_FILE = MiraclePillTests/Info.plist;
				LD_RUNPATH_SEARCH_PATHS = "$(inherited) @executable_path/Frameworks @loader_path/Frameworks";
				PRODUCT_BUNDLE_IDENTIFIER = mirza.MiraclePillTests;
				PRODUCT_NAME = "$(TARGET_NAME)";
				SWIFT_VERSION = 4.0;
				TARGETED_DEVICE_FAMILY = "1,2";
				TEST_HOST = "$(BUILT_PRODUCTS_DIR)/MiraclePill.app/MiraclePill";
			};
			name = Debug;
		};
		8DA15C292030BD8100027CBC /* Release */ = {
			isa = XCBuildConfiguration;
			buildSettings = {
				ALWAYS_EMBED_SWIFT_STANDARD_LIBRARIES = YES;
				BUNDLE_LOADER = "$(TEST_HOST)";
				CODE_SIGN_STYLE = Automatic;
				DEVELOPMENT_TEAM = 8975L7G5N6;
				INFOPLIST_FILE = MiraclePillTests/Info.plist;
				LD_RUNPATH_SEARCH_PATHS = "$(inherited) @executable_path/Frameworks @loader_path/Frameworks";
				PRODUCT_BUNDLE_IDENTIFIER = mirza.MiraclePillTests;
				PRODUCT_NAME = "$(TARGET_NAME)";
				SWIFT_VERSION = 4.0;
				TARGETED_DEVICE_FAMILY = "1,2";
				TEST_HOST = "$(BUILT_PRODUCTS_DIR)/MiraclePill.app/MiraclePill";
			};
			name = Release;
		};
		8DA15C2B2030BD8100027CBC /* Debug */ = {
			isa = XCBuildConfiguration;
			buildSettings = {
				ALWAYS_EMBED_SWIFT_STANDARD_LIBRARIES = YES;
				CODE_SIGN_STYLE = Automatic;
				DEVELOPMENT_TEAM = 8975L7G5N6;
				INFOPLIST_FILE = MiraclePillUITests/Info.plist;
				LD_RUNPATH_SEARCH_PATHS = "$(inherited) @executable_path/Frameworks @loader_path/Frameworks";
				PRODUCT_BUNDLE_IDENTIFIER = mirza.MiraclePillUITests;
				PRODUCT_NAME = "$(TARGET_NAME)";
				SWIFT_VERSION = 4.0;
				TARGETED_DEVICE_FAMILY = "1,2";
				TEST_TARGET_NAME = MiraclePill;
			};
			name = Debug;
		};
		8DA15C2C2030BD8100027CBC /* Release */ = {
			isa = XCBuildConfiguration;
			buildSettings = {
				ALWAYS_EMBED_SWIFT_STANDARD_LIBRARIES = YES;
				CODE_SIGN_STYLE = Automatic;
				DEVELOPMENT_TEAM = 8975L7G5N6;
				INFOPLIST_FILE = MiraclePillUITests/Info.plist;
				LD_RUNPATH_SEARCH_PATHS = "$(inherited) @executable_path/Frameworks @loader_path/Frameworks";
				PRODUCT_BUNDLE_IDENTIFIER = mirza.MiraclePillUITests;
				PRODUCT_NAME = "$(TARGET_NAME)";
				SWIFT_VERSION = 4.0;
				TARGETED_DEVICE_FAMILY = "1,2";
				TEST_TARGET_NAME = MiraclePill;
			};
			name = Release;
		};
/* End XCBuildConfiguration section */

/* Begin XCConfigurationList section */
		8DA15BF72030BD8100027CBC /* Build configuration list for PBXProject "MiraclePill" */ = {
			isa = XCConfigurationList;
			buildConfigurations = (
				8DA15C222030BD8100027CBC /* Debug */,
				8DA15C232030BD8100027CBC /* Release */,
			);
			defaultConfigurationIsVisible = 0;
			defaultConfigurationName = Release;
		};
		8DA15C242030BD8100027CBC /* Build configuration list for PBXNativeTarget "MiraclePill" */ = {
			isa = XCConfigurationList;
			buildConfigurations = (
				8DA15C252030BD8100027CBC /* Debug */,
				8DA15C262030BD8100027CBC /* Release */,
			);
			defaultConfigurationIsVisible = 0;
			defaultConfigurationName = Release;
		};
		8DA15C272030BD8100027CBC /* Build configuration list for PBXNativeTarget "MiraclePillTests" */ = {
			isa = XCConfigurationList;
			buildConfigurations = (
				8DA15C282030BD8100027CBC /* Debug */,
				8DA15C292030BD8100027CBC /* Release */,
			);
			defaultConfigurationIsVisible = 0;
			defaultConfigurationName = Release;
		};
		8DA15C2A2030BD8100027CBC /* Build configuration list for PBXNativeTarget "MiraclePillUITests" */ = {
			isa = XCConfigurationList;
			buildConfigurations = (
				8DA15C2B2030BD8100027CBC /* Debug */,
				8DA15C2C2030BD8100027CBC /* Release */,
			);
			defaultConfigurationIsVisible = 0;
			defaultConfigurationName = Release;
		};
/* End XCConfigurationList section */
	};
	rootObject = 8DA15BF42030BD8100027CBC /* Project object */;
}
